{
    "name": "utils-front",
    "version": "1.0.0",
    "lockfileVersion": 2,
    "requires": true,
    "packages": {
        "": {
            "name": "utils-front",
            "version": "1.0.0",
            "license": "ISC",
            "devDependencies": {
                "prettier": "^2.3.2"
            }
        },
        "node_modules/prettier": {
            "version": "2.3.2",
            "integrity": "sha1-7ygKBewlNxLkhiM9tcbyNEHnNC0=",
            "dev": true,
            "bin": {
                "prettier": "bin-prettier.js"
            },
            "engines": {
                "node": ">=10.13.0"
            }
        }
    },
    "dependencies": {
        "prettier": {
            "version": "2.3.2",
            "dev": true
        }
    }
}
